
Microsoft Visual Studio Solution File, Format Version 12.00
# Visual Studio Version 17
VisualStudioVersion = 17.8.34309.116
MinimumVisualStudioVersion = 10.0.40219.1
Project("{8BC9CEB8-8B4A-11D0-8D11-00A0C91BC942}") = "day1", "day1\day1.vcxproj", "{766D16AA-6548-4FA0-9F0D-E73339DDD3C5}"
EndProject
Project("{8BC9CEB8-8B4A-11D0-8D11-00A0C91BC942}") = "day2", "day2\day2.vcxproj", "{3880158A-9B57-4A4E-A4C3-08B8B7BF9462}"
EndProject
Project("{8BC9CEB8-8B4A-11D0-8D11-00A0C91BC942}") = "day3", "day3\day3.vcxproj", "{312DF9D8-91E0-48F4-BB41-C865E8BF1804}"
EndProject
Project("{8BC9CEB8-8B4A-11D0-8D11-00A0C91BC942}") = "day4", "day4\day4.vcxproj", "{703D7E66-D569-49C1-8E26-9EC1D4784984}"
EndProject
Project("{8BC9CEB8-8B4A-11D0-8D11-00A0C91BC942}") = "day6", "day6\day6.vcxproj", "{C3A7CB8A-4749-4DE6-ABD4-DA94C09A6E64}"
EndProject
Project("{8BC9CEB8-8B4A-11D0-8D11-00A0C91BC942}") = "day11", "day11\day11.vcxproj", "{1EB3D59A-9BE1-4437-9DCD-E4EFEB33AAC7}"
EndProject
Project("{8BC9CEB8-8B4A-11D0-8D11-00A0C91BC942}") = "day8", "day8\day8.vcxproj", "{AC79BA40-504B-4539-B453-9BEBF0B852DD}"
EndProject
Global
	GlobalSection(SolutionConfigurationPlatforms) = preSolution
		Debug|x64 = Debug|x64
		Debug|x86 = Debug|x86
		Release|x64 = Release|x64
		Release|x86 = Release|x86
	EndGlobalSection
	GlobalSection(ProjectConfigurationPlatforms) = postSolution
		{766D16AA-6548-4FA0-9F0D-E73339DDD3C5}.Debug|x64.ActiveCfg = Debug|x64
		{766D16AA-6548-4FA0-9F0D-E73339DDD3C5}.Debug|x64.Build.0 = Debug|x64
		{766D16AA-6548-4FA0-9F0D-E73339DDD3C5}.Debug|x86.ActiveCfg = Debug|Win32
		{766D16AA-6548-4FA0-9F0D-E73339DDD3C5}.Debug|x86.Build.0 = Debug|Win32
		{766D16AA-6548-4FA0-9F0D-E73339DDD3C5}.Release|x64.ActiveCfg = Release|x64
		{766D16AA-6548-4FA0-9F0D-E73339DDD3C5}.Release|x64.Build.0 = Release|x64
		{766D16AA-6548-4FA0-9F0D-E73339DDD3C5}.Release|x86.ActiveCfg = Release|Win32
		{766D16AA-6548-4FA0-9F0D-E73339DDD3C5}.Release|x86.Build.0 = Release|Win32
		{3880158A-9B57-4A4E-A4C3-08B8B7BF9462}.Debug|x64.ActiveCfg = Debug|x64
		{3880158A-9B57-4A4E-A4C3-08B8B7BF9462}.Debug|x64.Build.0 = Debug|x64
		{3880158A-9B57-4A4E-A4C3-08B8B7BF9462}.Debug|x86.ActiveCfg = Debug|Win32
		{3880158A-9B57-4A4E-A4C3-08B8B7BF9462}.Debug|x86.Build.0 = Debug|Win32
		{3880158A-9B57-4A4E-A4C3-08B8B7BF9462}.Release|x64.ActiveCfg = Release|x64
		{3880158A-9B57-4A4E-A4C3-08B8B7BF9462}.Release|x64.Build.0 = Release|x64
		{3880158A-9B57-4A4E-A4C3-08B8B7BF9462}.Release|x86.ActiveCfg = Release|Win32
		{3880158A-9B57-4A4E-A4C3-08B8B7BF9462}.Release|x86.Build.0 = Release|Win32
		{312DF9D8-91E0-48F4-BB41-C865E8BF1804}.Debug|x64.ActiveCfg = Debug|x64
		{312DF9D8-91E0-48F4-BB41-C865E8BF1804}.Debug|x64.Build.0 = Debug|x64
		{312DF9D8-91E0-48F4-BB41-C865E8BF1804}.Debug|x86.ActiveCfg = Debug|Win32
		{312DF9D8-91E0-48F4-BB41-C865E8BF1804}.Debug|x86.Build.0 = Debug|Win32
		{312DF9D8-91E0-48F4-BB41-C865E8BF1804}.Release|x64.ActiveCfg = Release|x64
		{312DF9D8-91E0-48F4-BB41-C865E8BF1804}.Release|x64.Build.0 = Release|x64
		{312DF9D8-91E0-48F4-BB41-C865E8BF1804}.Release|x86.ActiveCfg = Release|Win32
		{312DF9D8-91E0-48F4-BB41-C865E8BF1804}.Release|x86.Build.0 = Release|Win32
		{703D7E66-D569-49C1-8E26-9EC1D4784984}.Debug|x64.ActiveCfg = Debug|x64
		{703D7E66-D569-49C1-8E26-9EC1D4784984}.Debug|x64.Build.0 = Debug|x64
		{703D7E66-D569-49C1-8E26-9EC1D4784984}.Debug|x86.ActiveCfg = Debug|Win32
		{703D7E66-D569-49C1-8E26-9EC1D4784984}.Debug|x86.Build.0 = Debug|Win32
		{703D7E66-D569-49C1-8E26-9EC1D4784984}.Release|x64.ActiveCfg = Release|x64
		{703D7E66-D569-49C1-8E26-9EC1D4784984}.Release|x64.Build.0 = Release|x64
		{703D7E66-D569-49C1-8E26-9EC1D4784984}.Release|x86.ActiveCfg = Release|Win32
		{703D7E66-D569-49C1-8E26-9EC1D4784984}.Release|x86.Build.0 = Release|Win32
		{C3A7CB8A-4749-4DE6-ABD4-DA94C09A6E64}.Debug|x64.ActiveCfg = Debug|x64
		{C3A7CB8A-4749-4DE6-ABD4-DA94C09A6E64}.Debug|x64.Build.0 = Debug|x64
		{C3A7CB8A-4749-4DE6-ABD4-DA94C09A6E64}.Debug|x86.ActiveCfg = Debug|Win32
		{C3A7CB8A-4749-4DE6-ABD4-DA94C09A6E64}.Debug|x86.Build.0 = Debug|Win32
		{C3A7CB8A-4749-4DE6-ABD4-DA94C09A6E64}.Release|x64.ActiveCfg = Release|x64
		{C3A7CB8A-4749-4DE6-ABD4-DA94C09A6E64}.Release|x64.Build.0 = Release|x64
		{C3A7CB8A-4749-4DE6-ABD4-DA94C09A6E64}.Release|x86.ActiveCfg = Release|Win32
		{C3A7CB8A-4749-4DE6-ABD4-DA94C09A6E64}.Release|x86.Build.0 = Release|Win32
		{1EB3D59A-9BE1-4437-9DCD-E4EFEB33AAC7}.Debug|x64.ActiveCfg = Debug|x64
		{1EB3D59A-9BE1-4437-9DCD-E4EFEB33AAC7}.Debug|x64.Build.0 = Debug|x64
		{1EB3D59A-9BE1-4437-9DCD-E4EFEB33AAC7}.Debug|x86.ActiveCfg = Debug|Win32
		{1EB3D59A-9BE1-4437-9DCD-E4EFEB33AAC7}.Debug|x86.Build.0 = Debug|Win32
		{1EB3D59A-9BE1-4437-9DCD-E4EFEB33AAC7}.Release|x64.ActiveCfg = Release|x64
		{1EB3D59A-9BE1-4437-9DCD-E4EFEB33AAC7}.Release|x64.Build.0 = Release|x64
		{1EB3D59A-9BE1-4437-9DCD-E4EFEB33AAC7}.Release|x86.ActiveCfg = Release|Win32
		{1EB3D59A-9BE1-4437-9DCD-E4EFEB33AAC7}.Release|x86.Build.0 = Release|Win32
		{AC79BA40-504B-4539-B453-9BEBF0B852DD}.Debug|x64.ActiveCfg = Debug|x64
		{AC79BA40-504B-4539-B453-9BEBF0B852DD}.Debug|x64.Build.0 = Debug|x64
		{AC79BA40-504B-4539-B453-9BEBF0B852DD}.Debug|x86.ActiveCfg = Debug|Win32
		{AC79BA40-504B-4539-B453-9BEBF0B852DD}.Debug|x86.Build.0 = Debug|Win32
		{AC79BA40-504B-4539-B453-9BEBF0B852DD}.Release|x64.ActiveCfg = Release|x64
		{AC79BA40-504B-4539-B453-9BEBF0B852DD}.Release|x64.Build.0 = Release|x64
		{AC79BA40-504B-4539-B453-9BEBF0B852DD}.Release|x86.ActiveCfg = Release|Win32
		{AC79BA40-504B-4539-B453-9BEBF0B852DD}.Release|x86.Build.0 = Release|Win32
	EndGlobalSection
	GlobalSection(SolutionProperties) = preSolution
		HideSolutionNode = FALSE
	EndGlobalSection
	GlobalSection(ExtensibilityGlobals) = postSolution
		SolutionGuid = {831C51AC-8133-44FB-BD76-947F3F14CD3C}
	EndGlobalSection
EndGlobal
